{
  "name": "steam-chat",
  "version": "1.0.0",
  "lockfileVersion": 1,
  "dependencies": {
    "adm-zip": {
      "version": "0.4.7",
      "resolved": "https://registry.npmjs.org/adm-zip/-/adm-zip-0.4.7.tgz",
      "integrity": "sha1-hgbCy/HEJs6MjsABdER/1Jtur8E="
    },
    "buffer-crc32": {
      "version": "0.2.13",
      "resolved": "https://registry.npmjs.org/buffer-crc32/-/buffer-crc32-0.2.13.tgz",
      "integrity": "sha1-DTM+PwDqxQqhRUq9MO+MKl2ackI="
    },
    "bytebuffer": {
      "version": "5.0.1",
      "resolved": "https://registry.npmjs.org/bytebuffer/-/bytebuffer-5.0.1.tgz",
      "integrity": "sha1-WC7qSxqHO20CCkjVjfhfC7ps/d0="
    },
    "long": {
      "version": "3.2.0",
      "resolved": "https://registry.npmjs.org/long/-/long-3.2.0.tgz",
      "integrity": "sha1-2CG3E4yhy1gcFymQ7xTbIAtcR0s="
    },
    "steam": {
      "version": "1.4.0",
      "resolved": "https://registry.npmjs.org/steam/-/steam-1.4.0.tgz",
      "integrity": "sha1-vAPCvzZd298E2yd1NBPS3bg1sbE=",
      "dependencies": {
        "steam-resources": {
          "version": "1.0.0",
          "bundled": true,
          "dependencies": {
            "bytebuffer": {
              "version": "5.0.0",
              "bundled": true,
              "dependencies": {
                "long": {
                  "version": "3.0.1",
                  "bundled": true
                }
              }
            },
            "protobufjs": {
              "version": "4.1.2",
              "bundled": true,
              "dependencies": {
                "ascli": {
                  "version": "1.0.0",
                  "bundled": true,
                  "dependencies": {
                    "colour": {
                      "version": "0.7.1",
                      "bundled": true
                    },
                    "optjs": {
                      "version": "3.2.1-boom",
                      "bundled": true
                    }
                  }
                },
                "bytebuffer": {
                  "version": "4.1.0",
                  "bundled": true,
                  "dependencies": {
                    "bufferview": {
                      "version": "1.0.1",
                      "bundled": true
                    },
                    "long": {
                      "version": "2.4.0",
                      "bundled": true
                    }
                  }
                },
                "glob": {
                  "version": "5.0.15",
                  "bundled": true,
                  "dependencies": {
                    "inflight": {
                      "version": "1.0.4",
                      "bundled": true,
                      "dependencies": {
                        "wrappy": {
                          "version": "1.0.1",
                          "bundled": true
                        }
                      }
                    },
                    "inherits": {
                      "version": "2.0.1",
                      "bundled": true
                    },
                    "minimatch": {
                      "version": "3.0.0",
                      "bundled": true,
                      "dependencies": {
                        "brace-expansion": {
                          "version": "1.1.1",
                          "bundled": true,
                          "dependencies": {
                            "balanced-match": {
                              "version": "0.2.1",
                              "bundled": true
                            },
                            "concat-map": {
                              "version": "0.0.1",
                              "bundled": true
                            }
                          }
                        }
                      }
                    },
                    "once": {
                      "version": "1.3.2",
                      "bundled": true,
                      "dependencies": {
                        "wrappy": {
                          "version": "1.0.1",
                          "bundled": true
                        }
                      }
                    },
                    "path-is-absolute": {
                      "version": "1.0.0",
                      "bundled": true
                    }
                  }
                },
                "yargs": {
                  "version": "3.29.0",
                  "bundled": true,
                  "dependencies": {
                    "camelcase": {
                      "version": "1.2.1",
                      "bundled": true
                    },
                    "cliui": {
                      "version": "3.0.3",
                      "bundled": true,
                      "dependencies": {
                        "string-width": {
                          "version": "1.0.1",
                          "bundled": true,
                          "dependencies": {
                            "code-point-at": {
                              "version": "1.0.0",
                              "bundled": true,
                              "dependencies": {
                                "number-is-nan": {
                                  "version": "1.0.0",
                                  "bundled": true
                                }
                              }
                            },
                            "is-fullwidth-code-point": {
                              "version": "1.0.0",
                              "bundled": true,
                              "dependencies": {
                                "number-is-nan": {
                                  "version": "1.0.0",
                                  "bundled": true
                                }
                              }
                            }
                          }
                        },
                        "strip-ansi": {
                          "version": "3.0.0",
                          "bundled": true,
                          "dependencies": {
                            "ansi-regex": {
                              "version": "2.0.0",
                              "bundled": true
                            }
                          }
                        },
                        "wrap-ansi": {
                          "version": "1.0.0",
                          "bundled": true
                        }
                      }
                    },
                    "decamelize": {
                      "version": "1.1.1",
                      "bundled": true
                    },
                    "os-locale": {
                      "version": "1.4.0",
                      "bundled": true,
                      "dependencies": {
                        "lcid": {
                          "version": "1.0.0",
                          "bundled": true,
                          "dependencies": {
                            "invert-kv": {
                              "version": "1.0.0",
                              "bundled": true
                            }
                          }
                        }
                      }
                    },
                    "window-size": {
                      "version": "0.1.2",
                      "bundled": true
                    },
                    "y18n": {
                      "version": "3.2.0",
                      "bundled": true
                    }
                  }
                }
              }
            }
          }
        }
      }
    },
    "steam-crypto": {
      "version": "0.0.1",
      "resolved": "https://registry.npmjs.org/steam-crypto/-/steam-crypto-0.0.1.tgz",
      "integrity": "sha1-BHexgqKx/dlBiT28wi4Ok7FKu38="
    }
  }
}
